
Microsoft Visual Studio Solution File, Format Version 12.00
# Visual Studio Version 16
VisualStudioVersion = 16.0.32126.315
MinimumVisualStudioVersion = 10.0.40219.1
Project("{FAE04EC0-301F-11D3-BF4B-00C04F79EFBC}") = "WpfPanel", "WpfPanel\WpfPanel.csproj", "{E05DB4AE-8EC7-4A9D-ADCC-BBFEF12ED1EB}"
EndProject
Project("{FAE04EC0-301F-11D3-BF4B-00C04F79EFBC}") = "ClassLibraryAuthorization", "ClassLibraryAuthorization\ClassLibraryAuthorization.csproj", "{8B533FB2-CD9A-4CDB-A9CE-289143C9969B}"
EndProject
Project("{FAE04EC0-301F-11D3-BF4B-00C04F79EFBC}") = "UnitTestProjectAut", "UnitTestProjectAut\UnitTestProjectAut.csproj", "{13D20B22-23A8-4CCB-8475-CC129B1445D3}"
EndProject
Global
	GlobalSection(SolutionConfigurationPlatforms) = preSolution
		Debug|Any CPU = Debug|Any CPU
		Release|Any CPU = Release|Any CPU
	EndGlobalSection
	GlobalSection(ProjectConfigurationPlatforms) = postSolution
		{E05DB4AE-8EC7-4A9D-ADCC-BBFEF12ED1EB}.Debug|Any CPU.ActiveCfg = Debug|Any CPU
		{E05DB4AE-8EC7-4A9D-ADCC-BBFEF12ED1EB}.Debug|Any CPU.Build.0 = Debug|Any CPU
		{E05DB4AE-8EC7-4A9D-ADCC-BBFEF12ED1EB}.Release|Any CPU.ActiveCfg = Release|Any CPU
		{E05DB4AE-8EC7-4A9D-ADCC-BBFEF12ED1EB}.Release|Any CPU.Build.0 = Release|Any CPU
		{8B533FB2-CD9A-4CDB-A9CE-289143C9969B}.Debug|Any CPU.ActiveCfg = Debug|Any CPU
		{8B533FB2-CD9A-4CDB-A9CE-289143C9969B}.Debug|Any CPU.Build.0 = Debug|Any CPU
		{8B533FB2-CD9A-4CDB-A9CE-289143C9969B}.Release|Any CPU.ActiveCfg = Release|Any CPU
		{8B533FB2-CD9A-4CDB-A9CE-289143C9969B}.Release|Any CPU.Build.0 = Release|Any CPU
		{13D20B22-23A8-4CCB-8475-CC129B1445D3}.Debug|Any CPU.ActiveCfg = Debug|Any CPU
		{13D20B22-23A8-4CCB-8475-CC129B1445D3}.Debug|Any CPU.Build.0 = Debug|Any CPU
		{13D20B22-23A8-4CCB-8475-CC129B1445D3}.Release|Any CPU.ActiveCfg = Release|Any CPU
		{13D20B22-23A8-4CCB-8475-CC129B1445D3}.Release|Any CPU.Build.0 = Release|Any CPU
	EndGlobalSection
	GlobalSection(SolutionProperties) = preSolution
		HideSolutionNode = FALSE
	EndGlobalSection
	GlobalSection(ExtensibilityGlobals) = postSolution
		SolutionGuid = {9D9D224D-7A0F-427F-84B6-067F657B891A}
	EndGlobalSection
EndGlobal
